<?xml version="1.0" encoding="utf-8"?>
<Project ToolsVersion="4.0" xmlns="http://schemas.microsoft.com/developer/msbuild/2003">
  <ItemGroup>
    <Filter Include="Source Files">
      <UniqueIdentifier>{4FC737F1-C7A5-4376-A066-2A32D752A2FF}</UniqueIdentifier>
      <Extensions>cpp;c;cc;cxx;def;odl;idl;hpj;bat;asm;asmx</Extensions>
    </Filter>
    <Filter Include="Header Files">
      <UniqueIdentifier>{93995380-89BD-4b04-88EB-625FBE52EBFB}</UniqueIdentifier>
      <Extensions>h;hh;hpp;hxx;hm;inl;inc;xsd</Extensions>
    </Filter>
    <Filter Include="Resource Files">
      <UniqueIdentifier>{67DA6AB6-F800-4c08-8B7A-83BB121AAD01}</UniqueIdentifier>
      <Extensions>rc;ico;cur;bmp;dlg;rc2;rct;bin;rgs;gif;jpg;jpeg;jpe;resx;tiff;tif;png;wav;mfcribbon-ms</Extensions>
    </Filter>
    <Filter Include="Source Files\Tree">
      <UniqueIdentifier>{20878da8-7418-4c83-a320-aace88d9b2f1}</UniqueIdentifier>
    </Filter>
    <Filter Include="Source Files\Tree\Node">
      <UniqueIdentifier>{be43da0e-76ff-42a1-ac37-e091ba4d463d}</UniqueIdentifier>
    </Filter>
  </ItemGroup>
  <ItemGroup>
    <ClInclude Include="Tree\tree.hpp">
      <Filter>Source Files\Tree</Filter>
    </ClInclude>
    <ClInclude Include="Tree\Node\node.hpp">
      <Filter>Source Files\Tree\Node</Filter>
    </ClInclude>
    <ClInclude Include="Tree\Node\leafNode.hpp">
      <Filter>Source Files\Tree\Node</Filter>
    </ClInclude>
    <ClInclude Include="Tree\Node\internalNode.hpp">
      <Filter>Source Files\Tree\Node</Filter>
    </ClInclude>
    <ClInclude Include="studentRecord.hpp">
      <Filter>Source Files</Filter>
    </ClInclude>
  </ItemGroup>
  <ItemGroup>
    <ClCompile Include="main.cpp">
      <Filter>Source Files</Filter>
    </ClCompile>
  </ItemGroup>
  <ItemGroup>
    <Text Include="test.txt">
      <Filter>Resource Files</Filter>
    </Text>
  </ItemGroup>
</Project>